
Microsoft Visual Studio Solution File, Format Version 12.00
# Visual Studio 15
VisualStudioVersion = 15.0.26430.16
MinimumVisualStudioVersion = 10.0.40219.1
Project("{FAE04EC0-301F-11D3-BF4B-00C04F79EFBC}") = "RM.Core.Service", "Projects\RM.Core.Service\RM.Core.Service.csproj", "{229B1B84-3078-4CAF-8AA9-83FBAFFD12AB}"
EndProject
Project("{FAE04EC0-301F-11D3-BF4B-00C04F79EFBC}") = "RM.Core.Data", "Projects\RM.Core.Data\RM.Core.Data.csproj", "{4258B01D-432F-46EA-8650-63498D9423BB}"
EndProject
Project("{FAE04EC0-301F-11D3-BF4B-00C04F79EFBC}") = "RM.Core.Business.Entities", "Projects\RM.Core.Business.Entities\RM.Core.Business.Entities.csproj", "{31CA5E82-2DB7-4844-87B6-7336950AD803}"
EndProject
Project("{FAE04EC0-301F-11D3-BF4B-00C04F79EFBC}") = "RM.Core.Data.Entities", "Projects\RM.Core.Data.Entities\RM.Core.Data.Entities.csproj", "{D4BF727F-72F8-46B5-898A-4FE785C5B1C8}"
EndProject
Project("{FAE04EC0-301F-11D3-BF4B-00C04F79EFBC}") = "RM.Core.Business", "Projects\RM.Core.Business\RM.Core.Business.csproj", "{145A563E-8546-4A1B-87D4-F52B60F3B069}"
EndProject
Project("{FAE04EC0-301F-11D3-BF4B-00C04F79EFBC}") = "RM.Core.Web", "Projects\RM.Core.Web\RM.Core.Web.csproj", "{7DBF35AD-F47C-41C4-884A-75E257920B88}"
EndProject
Project("{FAE04EC0-301F-11D3-BF4B-00C04F79EFBC}") = "RM.Core.Client", "Projects\RM.Core.Client\RM.Core.Client.csproj", "{9A00B14E-52C8-4074-BA87-0F4EC7072AE9}"
EndProject
Project("{FAE04EC0-301F-11D3-BF4B-00C04F79EFBC}") = "RM.Core.Web.Entities", "Projects\RM.Core.Web.Entities\RM.Core.Web.Entities.csproj", "{D2E70F7F-FC1A-46CA-9EC2-CCFF70179D0E}"
EndProject
Global
	GlobalSection(SolutionConfigurationPlatforms) = preSolution
		Debug|Any CPU = Debug|Any CPU
		Release|Any CPU = Release|Any CPU
	EndGlobalSection
	GlobalSection(ProjectConfigurationPlatforms) = postSolution
		{229B1B84-3078-4CAF-8AA9-83FBAFFD12AB}.Debug|Any CPU.ActiveCfg = Debug|Any CPU
		{229B1B84-3078-4CAF-8AA9-83FBAFFD12AB}.Debug|Any CPU.Build.0 = Debug|Any CPU
		{229B1B84-3078-4CAF-8AA9-83FBAFFD12AB}.Release|Any CPU.ActiveCfg = Release|Any CPU
		{229B1B84-3078-4CAF-8AA9-83FBAFFD12AB}.Release|Any CPU.Build.0 = Release|Any CPU
		{4258B01D-432F-46EA-8650-63498D9423BB}.Debug|Any CPU.ActiveCfg = Debug|Any CPU
		{4258B01D-432F-46EA-8650-63498D9423BB}.Debug|Any CPU.Build.0 = Debug|Any CPU
		{4258B01D-432F-46EA-8650-63498D9423BB}.Release|Any CPU.ActiveCfg = Release|Any CPU
		{4258B01D-432F-46EA-8650-63498D9423BB}.Release|Any CPU.Build.0 = Release|Any CPU
		{31CA5E82-2DB7-4844-87B6-7336950AD803}.Debug|Any CPU.ActiveCfg = Debug|Any CPU
		{31CA5E82-2DB7-4844-87B6-7336950AD803}.Debug|Any CPU.Build.0 = Debug|Any CPU
		{31CA5E82-2DB7-4844-87B6-7336950AD803}.Release|Any CPU.ActiveCfg = Release|Any CPU
		{31CA5E82-2DB7-4844-87B6-7336950AD803}.Release|Any CPU.Build.0 = Release|Any CPU
		{D4BF727F-72F8-46B5-898A-4FE785C5B1C8}.Debug|Any CPU.ActiveCfg = Debug|Any CPU
		{D4BF727F-72F8-46B5-898A-4FE785C5B1C8}.Debug|Any CPU.Build.0 = Debug|Any CPU
		{D4BF727F-72F8-46B5-898A-4FE785C5B1C8}.Release|Any CPU.ActiveCfg = Release|Any CPU
		{D4BF727F-72F8-46B5-898A-4FE785C5B1C8}.Release|Any CPU.Build.0 = Release|Any CPU
		{145A563E-8546-4A1B-87D4-F52B60F3B069}.Debug|Any CPU.ActiveCfg = Debug|Any CPU
		{145A563E-8546-4A1B-87D4-F52B60F3B069}.Debug|Any CPU.Build.0 = Debug|Any CPU
		{145A563E-8546-4A1B-87D4-F52B60F3B069}.Release|Any CPU.ActiveCfg = Release|Any CPU
		{145A563E-8546-4A1B-87D4-F52B60F3B069}.Release|Any CPU.Build.0 = Release|Any CPU
		{7DBF35AD-F47C-41C4-884A-75E257920B88}.Debug|Any CPU.ActiveCfg = Debug|Any CPU
		{7DBF35AD-F47C-41C4-884A-75E257920B88}.Debug|Any CPU.Build.0 = Debug|Any CPU
		{7DBF35AD-F47C-41C4-884A-75E257920B88}.Release|Any CPU.ActiveCfg = Release|Any CPU
		{7DBF35AD-F47C-41C4-884A-75E257920B88}.Release|Any CPU.Build.0 = Release|Any CPU
		{9A00B14E-52C8-4074-BA87-0F4EC7072AE9}.Debug|Any CPU.ActiveCfg = Debug|Any CPU
		{9A00B14E-52C8-4074-BA87-0F4EC7072AE9}.Debug|Any CPU.Build.0 = Debug|Any CPU
		{9A00B14E-52C8-4074-BA87-0F4EC7072AE9}.Release|Any CPU.ActiveCfg = Release|Any CPU
		{9A00B14E-52C8-4074-BA87-0F4EC7072AE9}.Release|Any CPU.Build.0 = Release|Any CPU
		{D2E70F7F-FC1A-46CA-9EC2-CCFF70179D0E}.Debug|Any CPU.ActiveCfg = Debug|Any CPU
		{D2E70F7F-FC1A-46CA-9EC2-CCFF70179D0E}.Debug|Any CPU.Build.0 = Debug|Any CPU
		{D2E70F7F-FC1A-46CA-9EC2-CCFF70179D0E}.Release|Any CPU.ActiveCfg = Release|Any CPU
		{D2E70F7F-FC1A-46CA-9EC2-CCFF70179D0E}.Release|Any CPU.Build.0 = Release|Any CPU
	EndGlobalSection
	GlobalSection(SolutionProperties) = preSolution
		HideSolutionNode = FALSE
	EndGlobalSection
EndGlobal
