
Microsoft Visual Studio Solution File, Format Version 12.00
# Visual Studio Express 2012 for Web
Project("{FAE04EC0-301F-11D3-BF4B-00C04F79EFBC}") = "RM.Core.Service", "Projects\RM.Core.Service\RM.Core.Service.csproj", "{AC5769F5-ED43-4BA2-830E-B420F2624F03}"
EndProject
Project("{FAE04EC0-301F-11D3-BF4B-00C04F79EFBC}") = "RM.Core.Data.Entities", "Projects\RM.Core.Data.Entities\RM.Core.Data.Entities.csproj", "{0D4C2CEF-B94C-4FA5-B795-4D5FCD7E5D2B}"
EndProject
Global
	GlobalSection(SolutionConfigurationPlatforms) = preSolution
		Debug|Any CPU = Debug|Any CPU
		Release|Any CPU = Release|Any CPU
	EndGlobalSection
	GlobalSection(ProjectConfigurationPlatforms) = postSolution
		{AC5769F5-ED43-4BA2-830E-B420F2624F03}.Debug|Any CPU.ActiveCfg = Debug|Any CPU
		{AC5769F5-ED43-4BA2-830E-B420F2624F03}.Debug|Any CPU.Build.0 = Debug|Any CPU
		{AC5769F5-ED43-4BA2-830E-B420F2624F03}.Release|Any CPU.ActiveCfg = Release|Any CPU
		{AC5769F5-ED43-4BA2-830E-B420F2624F03}.Release|Any CPU.Build.0 = Release|Any CPU
		{0D4C2CEF-B94C-4FA5-B795-4D5FCD7E5D2B}.Debug|Any CPU.ActiveCfg = Debug|Any CPU
		{0D4C2CEF-B94C-4FA5-B795-4D5FCD7E5D2B}.Debug|Any CPU.Build.0 = Debug|Any CPU
		{0D4C2CEF-B94C-4FA5-B795-4D5FCD7E5D2B}.Release|Any CPU.ActiveCfg = Release|Any CPU
		{0D4C2CEF-B94C-4FA5-B795-4D5FCD7E5D2B}.Release|Any CPU.Build.0 = Release|Any CPU
	EndGlobalSection
	GlobalSection(SolutionProperties) = preSolution
		HideSolutionNode = FALSE
	EndGlobalSection
EndGlobal
